
Microsoft Visual Studio Solution File, Format Version 12.00
# Visual Studio Version 16
VisualStudioVersion = 16.0.31129.286
MinimumVisualStudioVersion = 10.0.40219.1
Project("{FAE04EC0-301F-11D3-BF4B-00C04F79EFBC}") = "Auditore.Library", "src\Auditore.Library\Auditore.Library.csproj", "{E550D951-B0AD-4967-86C6-92FD4D6E2B05}"
EndProject
Project("{FAE04EC0-301F-11D3-BF4B-00C04F79EFBC}") = "Auditore.Plugin", "src\Auditore.Plugin\Auditore.Plugin.csproj", "{A6B384F8-8558-404D-AED0-EFCFFB39ED60}"
EndProject
Project("{FAE04EC0-301F-11D3-BF4B-00C04F79EFBC}") = "Auditore.Remoting", "src\Auditore.Remoting\Auditore.Remoting.csproj", "{15DC5428-6251-4232-98A4-0FEAF55BBA61}"
EndProject
Project("{FAE04EC0-301F-11D3-BF4B-00C04F79EFBC}") = "Auditore.Test", "src\Auditore.Test\Auditore.Test.csproj", "{3F36954D-91CE-44A4-9EF7-40164B6A9551}"
EndProject
Global
	GlobalSection(SolutionConfigurationPlatforms) = preSolution
		Debug|Any CPU = Debug|Any CPU
		Release|Any CPU = Release|Any CPU
	EndGlobalSection
	GlobalSection(ProjectConfigurationPlatforms) = postSolution
		{E550D951-B0AD-4967-86C6-92FD4D6E2B05}.Debug|Any CPU.ActiveCfg = Debug|Any CPU
		{E550D951-B0AD-4967-86C6-92FD4D6E2B05}.Debug|Any CPU.Build.0 = Debug|Any CPU
		{E550D951-B0AD-4967-86C6-92FD4D6E2B05}.Release|Any CPU.ActiveCfg = Release|Any CPU
		{E550D951-B0AD-4967-86C6-92FD4D6E2B05}.Release|Any CPU.Build.0 = Release|Any CPU
		{A6B384F8-8558-404D-AED0-EFCFFB39ED60}.Debug|Any CPU.ActiveCfg = Debug|Any CPU
		{A6B384F8-8558-404D-AED0-EFCFFB39ED60}.Debug|Any CPU.Build.0 = Debug|Any CPU
		{A6B384F8-8558-404D-AED0-EFCFFB39ED60}.Release|Any CPU.ActiveCfg = Release|Any CPU
		{A6B384F8-8558-404D-AED0-EFCFFB39ED60}.Release|Any CPU.Build.0 = Release|Any CPU
		{15DC5428-6251-4232-98A4-0FEAF55BBA61}.Debug|Any CPU.ActiveCfg = Debug|Any CPU
		{15DC5428-6251-4232-98A4-0FEAF55BBA61}.Debug|Any CPU.Build.0 = Debug|Any CPU
		{15DC5428-6251-4232-98A4-0FEAF55BBA61}.Release|Any CPU.ActiveCfg = Release|Any CPU
		{15DC5428-6251-4232-98A4-0FEAF55BBA61}.Release|Any CPU.Build.0 = Release|Any CPU
		{3F36954D-91CE-44A4-9EF7-40164B6A9551}.Debug|Any CPU.ActiveCfg = Debug|Any CPU
		{3F36954D-91CE-44A4-9EF7-40164B6A9551}.Debug|Any CPU.Build.0 = Debug|Any CPU
		{3F36954D-91CE-44A4-9EF7-40164B6A9551}.Release|Any CPU.ActiveCfg = Release|Any CPU
		{3F36954D-91CE-44A4-9EF7-40164B6A9551}.Release|Any CPU.Build.0 = Release|Any CPU
	EndGlobalSection
	GlobalSection(SolutionProperties) = preSolution
		HideSolutionNode = FALSE
	EndGlobalSection
	GlobalSection(ExtensibilityGlobals) = postSolution
		SolutionGuid = {836B5691-0875-4BE7-AC0B-5A9DFC9C82C0}
	EndGlobalSection
EndGlobal
